// !$*UTF8*$!
{
	archiveVersion = 1;
	classes = {
	};
	objectVersion = 56;
	objects = {

/* Begin PBXBuildFile section */
		AE4F761829817B1A00DADAEC /* RecipeListAppApp.swift in Sources */ = {isa = PBXBuildFile; fileRef = AE4F761729817B1A00DADAEC /* RecipeListAppApp.swift */; };
		AE4F761A29817B1A00DADAEC /* RecipeView.swift in Sources */ = {isa = PBXBuildFile; fileRef = AE4F761929817B1A00DADAEC /* RecipeView.swift */; };
		AE4F761C29817B1C00DADAEC /* Assets.xcassets in Resources */ = {isa = PBXBuildFile; fileRef = AE4F761B29817B1C00DADAEC /* Assets.xcassets */; };
		AE4F761F29817B1C00DADAEC /* Preview Assets.xcassets in Resources */ = {isa = PBXBuildFile; fileRef = AE4F761E29817B1C00DADAEC /* Preview Assets.xcassets */; };
		AE4F762D29817C6900DADAEC /* recipes.json in Resources */ = {isa = PBXBuildFile; fileRef = AE4F762C29817C6900DADAEC /* recipes.json */; };
		AE4F762F29817CC500DADAEC /* recipe.swift in Sources */ = {isa = PBXBuildFile; fileRef = AE4F762E29817CC500DADAEC /* recipe.swift */; };
		AE4F763129817EA300DADAEC /* recipeModel.swift in Sources */ = {isa = PBXBuildFile; fileRef = AE4F763029817EA300DADAEC /* recipeModel.swift */; };
		AE4F763329817FF500DADAEC /* DataService.swift in Sources */ = {isa = PBXBuildFile; fileRef = AE4F763229817FF500DADAEC /* DataService.swift */; };
		AE4F7635298195F500DADAEC /* DetailView.swift in Sources */ = {isa = PBXBuildFile; fileRef = AE4F7634298195F500DADAEC /* DetailView.swift */; };
		AECAF0AF29884ED700B54C3F /* RecipeTabView.swift in Sources */ = {isa = PBXBuildFile; fileRef = AECAF0AE29884ED700B54C3F /* RecipeTabView.swift */; };
		AECAF0B1298ACA3100B54C3F /* RecipeFeaturedView.swift in Sources */ = {isa = PBXBuildFile; fileRef = AECAF0B0298ACA3100B54C3F /* RecipeFeaturedView.swift */; };
/* End PBXBuildFile section */

/* Begin PBXFileReference section */
		AE4F761429817B1A00DADAEC /* RecipeListApp.app */ = {isa = PBXFileReference; explicitFileType = wrapper.application; includeInIndex = 0; path = RecipeListApp.app; sourceTree = BUILT_PRODUCTS_DIR; };
		AE4F761729817B1A00DADAEC /* RecipeListAppApp.swift */ = {isa = PBXFileReference; lastKnownFileType = sourcecode.swift; path = RecipeListAppApp.swift; sourceTree = "<group>"; };
		AE4F761929817B1A00DADAEC /* RecipeView.swift */ = {isa = PBXFileReference; lastKnownFileType = sourcecode.swift; path = RecipeView.swift; sourceTree = "<group>"; };
		AE4F761B29817B1C00DADAEC /* Assets.xcassets */ = {isa = PBXFileReference; lastKnownFileType = folder.assetcatalog; path = Assets.xcassets; sourceTree = "<group>"; };
		AE4F761E29817B1C00DADAEC /* Preview Assets.xcassets */ = {isa = PBXFileReference; lastKnownFileType = folder.assetcatalog; path = "Preview Assets.xcassets"; sourceTree = "<group>"; };
		AE4F762C29817C6900DADAEC /* recipes.json */ = {isa = PBXFileReference; fileEncoding = 4; lastKnownFileType = text.json; path = recipes.json; sourceTree = "<group>"; };
		AE4F762E29817CC500DADAEC /* recipe.swift */ = {isa = PBXFileReference; lastKnownFileType = sourcecode.swift; path = recipe.swift; sourceTree = "<group>"; };
		AE4F763029817EA300DADAEC /* recipeModel.swift */ = {isa = PBXFileReference; lastKnownFileType = sourcecode.swift; path = recipeModel.swift; sourceTree = "<group>"; };
		AE4F763229817FF500DADAEC /* DataService.swift */ = {isa = PBXFileReference; lastKnownFileType = sourcecode.swift; path = DataService.swift; sourceTree = "<group>"; };
		AE4F7634298195F500DADAEC /* DetailView.swift */ = {isa = PBXFileReference; lastKnownFileType = sourcecode.swift; path = DetailView.swift; sourceTree = "<group>"; };
		AECAF0AE29884ED700B54C3F /* RecipeTabView.swift */ = {isa = PBXFileReference; lastKnownFileType = sourcecode.swift; path = RecipeTabView.swift; sourceTree = "<group>"; };
		AECAF0B0298ACA3100B54C3F /* RecipeFeaturedView.swift */ = {isa = PBXFileReference; lastKnownFileType = sourcecode.swift; path = RecipeFeaturedView.swift; sourceTree = "<group>"; };
/* End PBXFileReference section */

/* Begin PBXFrameworksBuildPhase section */
		AE4F761129817B1A00DADAEC /* Frameworks */ = {
			isa = PBXFrameworksBuildPhase;
			buildActionMask = 2147483647;
			files = (
			);
			runOnlyForDeploymentPostprocessing = 0;
		};
/* End PBXFrameworksBuildPhase section */

/* Begin PBXGroup section */
		AE4F760B29817B1A00DADAEC = {
			isa = PBXGroup;
			children = (
				AE4F761629817B1A00DADAEC /* RecipeListApp */,
				AE4F761529817B1A00DADAEC /* Products */,
			);
			sourceTree = "<group>";
		};
		AE4F761529817B1A00DADAEC /* Products */ = {
			isa = PBXGroup;
			children = (
				AE4F761429817B1A00DADAEC /* RecipeListApp.app */,
			);
			name = Products;
			sourceTree = "<group>";
		};
		AE4F761629817B1A00DADAEC /* RecipeListApp */ = {
			isa = PBXGroup;
			children = (
				AE4F761729817B1A00DADAEC /* RecipeListAppApp.swift */,
				AE4F762629817B8B00DADAEC /* Models */,
				AE4F762729817B9200DADAEC /* ViewModels */,
				AE4F762529817B7C00DADAEC /* Views */,
				AE4F762929817BAB00DADAEC /* Services */,
				AE4F762829817BA600DADAEC /* Data */,
				AE4F761B29817B1C00DADAEC /* Assets.xcassets */,
				AE4F761D29817B1C00DADAEC /* Preview Content */,
			);
			path = RecipeListApp;
			sourceTree = "<group>";
		};
		AE4F761D29817B1C00DADAEC /* Preview Content */ = {
			isa = PBXGroup;
			children = (
				AE4F761E29817B1C00DADAEC /* Preview Assets.xcassets */,
			);
			path = "Preview Content";
			sourceTree = "<group>";
		};
		AE4F762529817B7C00DADAEC /* Views */ = {
			isa = PBXGroup;
			children = (
				AE4F761929817B1A00DADAEC /* RecipeView.swift */,
				AE4F7634298195F500DADAEC /* DetailView.swift */,
				AECAF0B0298ACA3100B54C3F /* RecipeFeaturedView.swift */,
				AECAF0AE29884ED700B54C3F /* RecipeTabView.swift */,
			);
			path = Views;
			sourceTree = "<group>";
		};
		AE4F762629817B8B00DADAEC /* Models */ = {
			isa = PBXGroup;
			children = (
				AE4F762E29817CC500DADAEC /* recipe.swift */,
			);
			path = Models;
			sourceTree = "<group>";
		};
		AE4F762729817B9200DADAEC /* ViewModels */ = {
			isa = PBXGroup;
			children = (
				AE4F763029817EA300DADAEC /* recipeModel.swift */,
			);
			path = ViewModels;
			sourceTree = "<group>";
		};
		AE4F762829817BA600DADAEC /* Data */ = {
			isa = PBXGroup;
			children = (
				AE4F762C29817C6900DADAEC /* recipes.json */,
			);
			path = Data;
			sourceTree = "<group>";
		};
		AE4F762929817BAB00DADAEC /* Services */ = {
			isa = PBXGroup;
			children = (
				AE4F763229817FF500DADAEC /* DataService.swift */,
			);
			path = Services;
			sourceTree = "<group>";
		};
/* End PBXGroup section */

/* Begin PBXNativeTarget section */
		AE4F761329817B1A00DADAEC /* RecipeListApp */ = {
			isa = PBXNativeTarget;
			buildConfigurationList = AE4F762229817B1C00DADAEC /* Build configuration list for PBXNativeTarget "RecipeListApp" */;
			buildPhases = (
				AE4F761029817B1A00DADAEC /* Sources */,
				AE4F761129817B1A00DADAEC /* Frameworks */,
				AE4F761229817B1A00DADAEC /* Resources */,
			);
			buildRules = (
			);
			dependencies = (
			);
			name = RecipeListApp;
			productName = RecipeListApp;
			productReference = AE4F761429817B1A00DADAEC /* RecipeListApp.app */;
			productType = "com.apple.product-type.application";
		};
/* End PBXNativeTarget section */

/* Begin PBXProject section */
		AE4F760C29817B1A00DADAEC /* Project object */ = {
			isa = PBXProject;
			attributes = {
				BuildIndependentTargetsInParallel = 1;
				LastSwiftUpdateCheck = 1420;
				LastUpgradeCheck = 1420;
				TargetAttributes = {
					AE4F761329817B1A00DADAEC = {
						CreatedOnToolsVersion = 14.2;
					};
				};
			};
			buildConfigurationList = AE4F760F29817B1A00DADAEC /* Build configuration list for PBXProject "RecipeListApp" */;
			compatibilityVersion = "Xcode 14.0";
			developmentRegion = en;
			hasScannedForEncodings = 0;
			knownRegions = (
				en,
				Base,
			);
			mainGroup = AE4F760B29817B1A00DADAEC;
			productRefGroup = AE4F761529817B1A00DADAEC /* Products */;
			projectDirPath = "";
			projectRoot = "";
			targets = (
				AE4F761329817B1A00DADAEC /* RecipeListApp */,
			);
		};
/* End PBXProject section */

/* Begin PBXResourcesBuildPhase section */
		AE4F761229817B1A00DADAEC /* Resources */ = {
			isa = PBXResourcesBuildPhase;
			buildActionMask = 2147483647;
			files = (
				AE4F761F29817B1C00DADAEC /* Preview Assets.xcassets in Resources */,
				AE4F762D29817C6900DADAEC /* recipes.json in Resources */,
				AE4F761C29817B1C00DADAEC /* Assets.xcassets in Resources */,
			);
			runOnlyForDeploymentPostprocessing = 0;
		};
/* End PBXResourcesBuildPhase section */

/* Begin PBXSourcesBuildPhase section */
		AE4F761029817B1A00DADAEC /* Sources */ = {
			isa = PBXSourcesBuildPhase;
			buildActionMask = 2147483647;
			files = (
				AE4F762F29817CC500DADAEC /* recipe.swift in Sources */,
				AE4F7635298195F500DADAEC /* DetailView.swift in Sources */,
				AE4F763129817EA300DADAEC /* recipeModel.swift in Sources */,
				AE4F761A29817B1A00DADAEC /* RecipeView.swift in Sources */,
				AE4F761829817B1A00DADAEC /* RecipeListAppApp.swift in Sources */,
				AE4F763329817FF500DADAEC /* DataService.swift in Sources */,
				AECAF0B1298ACA3100B54C3F /* RecipeFeaturedView.swift in Sources */,
				AECAF0AF29884ED700B54C3F /* RecipeTabView.swift in Sources */,
			);
			runOnlyForDeploymentPostprocessing = 0;
		};
/* End PBXSourcesBuildPhase section */

/* Begin XCBuildConfiguration section */
		AE4F762029817B1C00DADAEC /* Debug */ = {
			isa = XCBuildConfiguration;
			buildSettings = {
				ALWAYS_SEARCH_USER_PATHS = NO;
				CLANG_ANALYZER_NONNULL = YES;
				CLANG_ANALYZER_NUMBER_OBJECT_CONVERSION = YES_AGGRESSIVE;
				CLANG_CXX_LANGUAGE_STANDARD = "gnu++20";
				CLANG_ENABLE_MODULES = YES;
				CLANG_ENABLE_OBJC_ARC = YES;
				CLANG_ENABLE_OBJC_WEAK = YES;
				CLANG_WARN_BLOCK_CAPTURE_AUTORELEASING = YES;
				CLANG_WARN_BOOL_CONVERSION = YES;
				CLANG_WARN_COMMA = YES;
				CLANG_WARN_CONSTANT_CONVERSION = YES;
				CLANG_WARN_DEPRECATED_OBJC_IMPLEMENTATIONS = YES;
				CLANG_WARN_DIRECT_OBJC_ISA_USAGE = YES_ERROR;
				CLANG_WARN_DOCUMENTATION_COMMENTS = YES;
				CLANG_WARN_EMPTY_BODY = YES;
				CLANG_WARN_ENUM_CONVERSION = YES;
				CLANG_WARN_INFINITE_RECURSION = YES;
				CLANG_WARN_INT_CONVERSION = YES;
				CLANG_WARN_NON_LITERAL_NULL_CONVERSION = YES;
				CLANG_WARN_OBJC_IMPLICIT_RETAIN_SELF = YES;
				CLANG_WARN_OBJC_LITERAL_CONVERSION = YES;
				CLANG_WARN_OBJC_ROOT_CLASS = YES_ERROR;
				CLANG_WARN_QUOTED_INCLUDE_IN_FRAMEWORK_HEADER = YES;
				CLANG_WARN_RANGE_LOOP_ANALYSIS = YES;
				CLANG_WARN_STRICT_PROTOTYPES = YES;
				CLANG_WARN_SUSPICIOUS_MOVE = YES;
				CLANG_WARN_UNGUARDED_AVAILABILITY = YES_AGGRESSIVE;
				CLANG_WARN_UNREACHABLE_CODE = YES;
				CLANG_WARN__DUPLICATE_METHOD_MATCH = YES;
				COPY_PHASE_STRIP = NO;
				DEBUG_INFORMATION_FORMAT = dwarf;
				ENABLE_STRICT_OBJC_MSGSEND = YES;
				ENABLE_TESTABILITY = YES;
				GCC_C_LANGUAGE_STANDARD = gnu11;
				GCC_DYNAMIC_NO_PIC = NO;
				GCC_NO_COMMON_BLOCKS = YES;
				GCC_OPTIMIZATION_LEVEL = 0;
				GCC_PREPROCESSOR_DEFINITIONS = (
					"DEBUG=1",
					"$(inherited)",
				);
				GCC_WARN_64_TO_32_BIT_CONVERSION = YES;
				GCC_WARN_ABOUT_RETURN_TYPE = YES_ERROR;
				GCC_WARN_UNDECLARED_SELECTOR = YES;
				GCC_WARN_UNINITIALIZED_AUTOS = YES_AGGRESSIVE;
				GCC_WARN_UNUSED_FUNCTION = YES;
				GCC_WARN_UNUSED_VARIABLE = YES;
				IPHONEOS_DEPLOYMENT_TARGET = 16.2;
				MTL_ENABLE_DEBUG_INFO = INCLUDE_SOURCE;
				MTL_FAST_MATH = YES;
				ONLY_ACTIVE_ARCH = YES;
				SDKROOT = iphoneos;
				SWIFT_ACTIVE_COMPILATION_CONDITIONS = DEBUG;
				SWIFT_OPTIMIZATION_LEVEL = "-Onone";
			};
			name = Debug;
		};
		AE4F762129817B1C00DADAEC /* Release */ = {
			isa = XCBuildConfiguration;
			buildSettings = {
				ALWAYS_SEARCH_USER_PATHS = NO;
				CLANG_ANALYZER_NONNULL = YES;
				CLANG_ANALYZER_NUMBER_OBJECT_CONVERSION = YES_AGGRESSIVE;
				CLANG_CXX_LANGUAGE_STANDARD = "gnu++20";
				CLANG_ENABLE_MODULES = YES;
				CLANG_ENABLE_OBJC_ARC = YES;
				CLANG_ENABLE_OBJC_WEAK = YES;
				CLANG_WARN_BLOCK_CAPTURE_AUTORELEASING = YES;
				CLANG_WARN_BOOL_CONVERSION = YES;
				CLANG_WARN_COMMA = YES;
				CLANG_WARN_CONSTANT_CONVERSION = YES;
				CLANG_WARN_DEPRECATED_OBJC_IMPLEMENTATIONS = YES;
				CLANG_WARN_DIRECT_OBJC_ISA_USAGE = YES_ERROR;
				CLANG_WARN_DOCUMENTATION_COMMENTS = YES;
				CLANG_WARN_EMPTY_BODY = YES;
				CLANG_WARN_ENUM_CONVERSION = YES;
				CLANG_WARN_INFINITE_RECURSION = YES;
				CLANG_WARN_INT_CONVERSION = YES;
				CLANG_WARN_NON_LITERAL_NULL_CONVERSION = YES;
				CLANG_WARN_OBJC_IMPLICIT_RETAIN_SELF = YES;
				CLANG_WARN_OBJC_LITERAL_CONVERSION = YES;
				CLANG_WARN_OBJC_ROOT_CLASS = YES_ERROR;
				CLANG_WARN_QUOTED_INCLUDE_IN_FRAMEWORK_HEADER = YES;
				CLANG_WARN_RANGE_LOOP_ANALYSIS = YES;
				CLANG_WARN_STRICT_PROTOTYPES = YES;
				CLANG_WARN_SUSPICIOUS_MOVE = YES;
				CLANG_WARN_UNGUARDED_AVAILABILITY = YES_AGGRESSIVE;
				CLANG_WARN_UNREACHABLE_CODE = YES;
				CLANG_WARN__DUPLICATE_METHOD_MATCH = YES;
				COPY_PHASE_STRIP = NO;
				DEBUG_INFORMATION_FORMAT = "dwarf-with-dsym";
				ENABLE_NS_ASSERTIONS = NO;
				ENABLE_STRICT_OBJC_MSGSEND = YES;
				GCC_C_LANGUAGE_STANDARD = gnu11;
				GCC_NO_COMMON_BLOCKS = YES;
				GCC_WARN_64_TO_32_BIT_CONVERSION = YES;
				GCC_WARN_ABOUT_RETURN_TYPE = YES_ERROR;
				GCC_WARN_UNDECLARED_SELECTOR = YES;
				GCC_WARN_UNINITIALIZED_AUTOS = YES_AGGRESSIVE;
				GCC_WARN_UNUSED_FUNCTION = YES;
				GCC_WARN_UNUSED_VARIABLE = YES;
				IPHONEOS_DEPLOYMENT_TARGET = 16.2;
				MTL_ENABLE_DEBUG_INFO = NO;
				MTL_FAST_MATH = YES;
				SDKROOT = iphoneos;
				SWIFT_COMPILATION_MODE = wholemodule;
				SWIFT_OPTIMIZATION_LEVEL = "-O";
				VALIDATE_PRODUCT = YES;
			};
			name = Release;
		};
		AE4F762329817B1C00DADAEC /* Debug */ = {
			isa = XCBuildConfiguration;
			buildSettings = {
				ASSETCATALOG_COMPILER_APPICON_NAME = AppIcon;
				ASSETCATALOG_COMPILER_GLOBAL_ACCENT_COLOR_NAME = AccentColor;
				CODE_SIGN_STYLE = Automatic;
				CURRENT_PROJECT_VERSION = 1;
				DEVELOPMENT_ASSET_PATHS = "\"RecipeListApp/Preview Content\"";
				DEVELOPMENT_TEAM = 526WZ46BUS;
				ENABLE_PREVIEWS = YES;
				GENERATE_INFOPLIST_FILE = YES;
				INFOPLIST_KEY_UIApplicationSceneManifest_Generation = YES;
				INFOPLIST_KEY_UIApplicationSupportsIndirectInputEvents = YES;
				INFOPLIST_KEY_UILaunchScreen_Generation = YES;
				INFOPLIST_KEY_UISupportedInterfaceOrientations_iPad = "UIInterfaceOrientationPortrait UIInterfaceOrientationPortraitUpsideDown UIInterfaceOrientationLandscapeLeft UIInterfaceOrientationLandscapeRight";
				INFOPLIST_KEY_UISupportedInterfaceOrientations_iPhone = "UIInterfaceOrientationPortrait UIInterfaceOrientationLandscapeLeft UIInterfaceOrientationLandscapeRight";
				LD_RUNPATH_SEARCH_PATHS = (
					"$(inherited)",
					"@executable_path/Frameworks",
				);
				MARKETING_VERSION = 1.0;
				PRODUCT_BUNDLE_IDENTIFIER = com.joshuawright.RecipeListApp;
				PRODUCT_NAME = "$(TARGET_NAME)";
				SWIFT_EMIT_LOC_STRINGS = YES;
				SWIFT_VERSION = 5.0;
				TARGETED_DEVICE_FAMILY = "1,2";
			};
			name = Debug;
		};
		AE4F762429817B1C00DADAEC /* Release */ = {
			isa = XCBuildConfiguration;
			buildSettings = {
				ASSETCATALOG_COMPILER_APPICON_NAME = AppIcon;
				ASSETCATALOG_COMPILER_GLOBAL_ACCENT_COLOR_NAME = AccentColor;
				CODE_SIGN_STYLE = Automatic;
				CURRENT_PROJECT_VERSION = 1;
				DEVELOPMENT_ASSET_PATHS = "\"RecipeListApp/Preview Content\"";
				DEVELOPMENT_TEAM = 526WZ46BUS;
				ENABLE_PREVIEWS = YES;
				GENERATE_INFOPLIST_FILE = YES;
				INFOPLIST_KEY_UIApplicationSceneManifest_Generation = YES;
				INFOPLIST_KEY_UIApplicationSupportsIndirectInputEvents = YES;
				INFOPLIST_KEY_UILaunchScreen_Generation = YES;
				INFOPLIST_KEY_UISupportedInterfaceOrientations_iPad = "UIInterfaceOrientationPortrait UIInterfaceOrientationPortraitUpsideDown UIInterfaceOrientationLandscapeLeft UIInterfaceOrientationLandscapeRight";
				INFOPLIST_KEY_UISupportedInterfaceOrientations_iPhone = "UIInterfaceOrientationPortrait UIInterfaceOrientationLandscapeLeft UIInterfaceOrientationLandscapeRight";
				LD_RUNPATH_SEARCH_PATHS = (
					"$(inherited)",
					"@executable_path/Frameworks",
				);
				MARKETING_VERSION = 1.0;
				PRODUCT_BUNDLE_IDENTIFIER = com.joshuawright.RecipeListApp;
				PRODUCT_NAME = "$(TARGET_NAME)";
				SWIFT_EMIT_LOC_STRINGS = YES;
				SWIFT_VERSION = 5.0;
				TARGETED_DEVICE_FAMILY = "1,2";
			};
			name = Release;
		};
/* End XCBuildConfiguration section */

/* Begin XCConfigurationList section */
		AE4F760F29817B1A00DADAEC /* Build configuration list for PBXProject "RecipeListApp" */ = {
			isa = XCConfigurationList;
			buildConfigurations = (
				AE4F762029817B1C00DADAEC /* Debug */,
				AE4F762129817B1C00DADAEC /* Release */,
			);
			defaultConfigurationIsVisible = 0;
			defaultConfigurationName = Release;
		};
		AE4F762229817B1C00DADAEC /* Build configuration list for PBXNativeTarget "RecipeListApp" */ = {
			isa = XCConfigurationList;
			buildConfigurations = (
				AE4F762329817B1C00DADAEC /* Debug */,
				AE4F762429817B1C00DADAEC /* Release */,
			);
			defaultConfigurationIsVisible = 0;
			defaultConfigurationName = Release;
		};
/* End XCConfigurationList section */
	};
	rootObject = AE4F760C29817B1A00DADAEC /* Project object */;
}
